{
    "_readme": [
        "This file locks the dependencies of your project to a known state",
        "Read more about it at http://getcomposer.org/doc/01-basic-usage.md#composer-lock-the-lock-file",
        "This file is @generated automatically"
    ],
    "hash": "c486cc29def07caf5280f62df5561e5e",
    "packages": [
        {
            "name": "inteleon/inteleon-soap-client",
            "version": "v1.0.1",
            "source": {
                "type": "git",
                "url": "https://github.com/Inteleon/inteleon-soap-client.git",
                "reference": "df9604ff4e0d2370b4306e5f6c0c0c2753050fa3"
            },
            "dist": {
                "type": "zip",
                "url": "https://api.github.com/repos/Inteleon/inteleon-soap-client/zipball/df9604ff4e0d2370b4306e5f6c0c0c2753050fa3",
                "reference": "df9604ff4e0d2370b4306e5f6c0c0c2753050fa3",
                "shasum": ""
            },
            "require": {
                "php": ">=5.3.0"
            },
            "type": "library",
            "autoload": {
                "psr-4": {
                    "Inteleon\\": "src/"
                }
            },
            "license": [
                "MIT"
            ],
            "authors": [
                {
                    "name": "Andreas Tylegard",
                    "email": "andtyl@gmail.com"
                }
            ],
            "description": "Inteleon Soap Client",
            "support": {
                "source": "https://github.com/Inteleon/inteleon-soap-client/tree/v1.0.1",
                "issues": "https://github.com/Inteleon/inteleon-soap-client/issues"
            },
            "time": "2014-08-13 10:47:49"
        }
    ],
    "packages-dev": [

    ],
    "aliases": [

    ],
    "minimum-stability": "stable",
    "stability-flags": [

    ],
    "prefer-stable": false,
    "platform": [

    ],
    "platform-dev": [

    ]
}
